
Microsoft Visual Studio Solution File, Format Version 12.00
# Visual Studio Version 16
VisualStudioVersion = 16.0.31005.135
MinimumVisualStudioVersion = 10.0.40219.1
Project("{FAE04EC0-301F-11D3-BF4B-00C04F79EFBC}") = "ProductApp", "ProductApp\ProductApp.csproj", "{29A91ACE-FBD0-407C-BECD-169C7FB834F3}"
EndProject
Project("{2150E333-8FDC-42A3-9474-1A3956D46DE8}") = "Solution Items", "Solution Items", "{FAF1DC29-A132-4764-A457-673DAC03728A}"
	ProjectSection(SolutionItems) = preProject
		Segitseg megoldani.txt = Segitseg megoldani.txt
	EndProjectSection
EndProject
Global
	GlobalSection(SolutionConfigurationPlatforms) = preSolution
		Debug|Any CPU = Debug|Any CPU
		Release|Any CPU = Release|Any CPU
	EndGlobalSection
	GlobalSection(ProjectConfigurationPlatforms) = postSolution
		{29A91ACE-FBD0-407C-BECD-169C7FB834F3}.Debug|Any CPU.ActiveCfg = Debug|Any CPU
		{29A91ACE-FBD0-407C-BECD-169C7FB834F3}.Debug|Any CPU.Build.0 = Debug|Any CPU
		{29A91ACE-FBD0-407C-BECD-169C7FB834F3}.Release|Any CPU.ActiveCfg = Release|Any CPU
		{29A91ACE-FBD0-407C-BECD-169C7FB834F3}.Release|Any CPU.Build.0 = Release|Any CPU
	EndGlobalSection
	GlobalSection(SolutionProperties) = preSolution
		HideSolutionNode = FALSE
	EndGlobalSection
	GlobalSection(ExtensibilityGlobals) = postSolution
		SolutionGuid = {25900F45-6BA5-49C6-88F4-58DDE3A5DBE4}
	EndGlobalSection
EndGlobal
